
Microsoft Visual Studio Solution File, Format Version 12.00
# Visual Studio Version 17
VisualStudioVersion = 17.8.34525.116
MinimumVisualStudioVersion = 10.0.40219.1
Project("{FAE04EC0-301F-11D3-BF4B-00C04F79EFBC}") = "AbstractFactory", "AbstractFactory\AbstractFactory.csproj", "{9EFBD1F8-F1B5-428A-85C2-5E612113BF98}"
EndProject
Project("{FAE04EC0-301F-11D3-BF4B-00C04F79EFBC}") = "Builder", "Builder\Builder.csproj", "{B1473071-AD31-4DFC-9830-76D5CEF451BB}"
EndProject
Project("{FAE04EC0-301F-11D3-BF4B-00C04F79EFBC}") = "FactoryMethod", "FactoryMethod\FactoryMethod.csproj", "{53ED0CF2-735C-4509-9E49-DFE23E764139}"
EndProject
Project("{FAE04EC0-301F-11D3-BF4B-00C04F79EFBC}") = "Consoles", "Console\Consoles.csproj", "{59E0A6D2-CB61-4F31-A55B-AC87685C652B}"
EndProject
Project("{FAE04EC0-301F-11D3-BF4B-00C04F79EFBC}") = "Prototype", "Prototype\Prototype.csproj", "{A50F89D8-CF83-4337-9B0A-B77B28009C36}"
EndProject
Project("{FAE04EC0-301F-11D3-BF4B-00C04F79EFBC}") = "Singleton", "Singleton\Singleton.csproj", "{0D70C599-ED5B-49E3-9270-62C52A0896EE}"
EndProject
Global
	GlobalSection(SolutionConfigurationPlatforms) = preSolution
		Debug|Any CPU = Debug|Any CPU
		Release|Any CPU = Release|Any CPU
	EndGlobalSection
	GlobalSection(ProjectConfigurationPlatforms) = postSolution
		{9EFBD1F8-F1B5-428A-85C2-5E612113BF98}.Debug|Any CPU.ActiveCfg = Debug|Any CPU
		{9EFBD1F8-F1B5-428A-85C2-5E612113BF98}.Debug|Any CPU.Build.0 = Debug|Any CPU
		{9EFBD1F8-F1B5-428A-85C2-5E612113BF98}.Release|Any CPU.ActiveCfg = Release|Any CPU
		{9EFBD1F8-F1B5-428A-85C2-5E612113BF98}.Release|Any CPU.Build.0 = Release|Any CPU
		{B1473071-AD31-4DFC-9830-76D5CEF451BB}.Debug|Any CPU.ActiveCfg = Debug|Any CPU
		{B1473071-AD31-4DFC-9830-76D5CEF451BB}.Debug|Any CPU.Build.0 = Debug|Any CPU
		{B1473071-AD31-4DFC-9830-76D5CEF451BB}.Release|Any CPU.ActiveCfg = Release|Any CPU
		{B1473071-AD31-4DFC-9830-76D5CEF451BB}.Release|Any CPU.Build.0 = Release|Any CPU
		{53ED0CF2-735C-4509-9E49-DFE23E764139}.Debug|Any CPU.ActiveCfg = Debug|Any CPU
		{53ED0CF2-735C-4509-9E49-DFE23E764139}.Debug|Any CPU.Build.0 = Debug|Any CPU
		{53ED0CF2-735C-4509-9E49-DFE23E764139}.Release|Any CPU.ActiveCfg = Release|Any CPU
		{53ED0CF2-735C-4509-9E49-DFE23E764139}.Release|Any CPU.Build.0 = Release|Any CPU
		{59E0A6D2-CB61-4F31-A55B-AC87685C652B}.Debug|Any CPU.ActiveCfg = Debug|Any CPU
		{59E0A6D2-CB61-4F31-A55B-AC87685C652B}.Debug|Any CPU.Build.0 = Debug|Any CPU
		{59E0A6D2-CB61-4F31-A55B-AC87685C652B}.Release|Any CPU.ActiveCfg = Release|Any CPU
		{59E0A6D2-CB61-4F31-A55B-AC87685C652B}.Release|Any CPU.Build.0 = Release|Any CPU
		{A50F89D8-CF83-4337-9B0A-B77B28009C36}.Debug|Any CPU.ActiveCfg = Debug|Any CPU
		{A50F89D8-CF83-4337-9B0A-B77B28009C36}.Debug|Any CPU.Build.0 = Debug|Any CPU
		{A50F89D8-CF83-4337-9B0A-B77B28009C36}.Release|Any CPU.ActiveCfg = Release|Any CPU
		{A50F89D8-CF83-4337-9B0A-B77B28009C36}.Release|Any CPU.Build.0 = Release|Any CPU
		{0D70C599-ED5B-49E3-9270-62C52A0896EE}.Debug|Any CPU.ActiveCfg = Debug|Any CPU
		{0D70C599-ED5B-49E3-9270-62C52A0896EE}.Debug|Any CPU.Build.0 = Debug|Any CPU
		{0D70C599-ED5B-49E3-9270-62C52A0896EE}.Release|Any CPU.ActiveCfg = Release|Any CPU
		{0D70C599-ED5B-49E3-9270-62C52A0896EE}.Release|Any CPU.Build.0 = Release|Any CPU
	EndGlobalSection
	GlobalSection(SolutionProperties) = preSolution
		HideSolutionNode = FALSE
	EndGlobalSection
	GlobalSection(ExtensibilityGlobals) = postSolution
		SolutionGuid = {CB4A14BE-0497-4689-934D-33120DF49951}
	EndGlobalSection
EndGlobal
